
Microsoft Visual Studio Solution File, Format Version 12.00
# Visual Studio 14
VisualStudioVersion = 14.0.24720.0
MinimumVisualStudioVersion = 10.0.40219.1
Project("{FAE04EC0-301F-11D3-BF4B-00C04F79EFBC}") = "EmployeeReviews2.app", "EmployeeReviews2.app\EmployeeReviews2.app.csproj", "{1D816711-423E-4993-A3B0-182A3592BD02}"
EndProject
Project("{FAE04EC0-301F-11D3-BF4B-00C04F79EFBC}") = "EmployeeReview2Test", "EmployeeReview2Test\EmployeeReview2Test.csproj", "{F08F953B-3D44-41CB-90F1-9DB6435BC49E}"
EndProject
Global
	GlobalSection(SolutionConfigurationPlatforms) = preSolution
		Debug|Any CPU = Debug|Any CPU
		Release|Any CPU = Release|Any CPU
	EndGlobalSection
	GlobalSection(ProjectConfigurationPlatforms) = postSolution
		{1D816711-423E-4993-A3B0-182A3592BD02}.Debug|Any CPU.ActiveCfg = Debug|Any CPU
		{1D816711-423E-4993-A3B0-182A3592BD02}.Debug|Any CPU.Build.0 = Debug|Any CPU
		{1D816711-423E-4993-A3B0-182A3592BD02}.Release|Any CPU.ActiveCfg = Release|Any CPU
		{1D816711-423E-4993-A3B0-182A3592BD02}.Release|Any CPU.Build.0 = Release|Any CPU
		{F08F953B-3D44-41CB-90F1-9DB6435BC49E}.Debug|Any CPU.ActiveCfg = Debug|Any CPU
		{F08F953B-3D44-41CB-90F1-9DB6435BC49E}.Debug|Any CPU.Build.0 = Debug|Any CPU
		{F08F953B-3D44-41CB-90F1-9DB6435BC49E}.Release|Any CPU.ActiveCfg = Release|Any CPU
		{F08F953B-3D44-41CB-90F1-9DB6435BC49E}.Release|Any CPU.Build.0 = Release|Any CPU
	EndGlobalSection
	GlobalSection(SolutionProperties) = preSolution
		HideSolutionNode = FALSE
	EndGlobalSection
EndGlobal
